
Microsoft Visual Studio Solution File, Format Version 12.00
Project("{FAE04EC0-301F-11D3-BF4B-00C04F79EFBC}") = "aspnet", "aspnet\aspnet.csproj", "{ECCFB308-8AE8-46A6-8CFF-6E27284DCE70}"
EndProject
Project("{2150E333-8FDC-42A3-9474-1A3956D46DE8}") = "Solution Items", "Solution Items", "{643903C3-1EE9-4A9B-9EF2-ED59FC98B7F3}"
	ProjectSection(SolutionItems) = preProject
		compose.yaml = compose.yaml
	EndProjectSection
EndProject
Project("{FAE04EC0-301F-11D3-BF4B-00C04F79EFBC}") = "aspnet.Tests", "aspnet.Tests\aspnet.Tests.csproj", "{725D9608-8E89-4DC5-8C3D-04FF09EDEBFE}"
EndProject
Project("{FAE04EC0-301F-11D3-BF4B-00C04F79EFBC}") = "aspnet.Mcp", "aspnet.Mcp\aspnet.Mcp.csproj", "{BCA850E1-10F3-4A9E-9F59-06355C7A83BD}"
EndProject
Global
	GlobalSection(SolutionConfigurationPlatforms) = preSolution
		Debug|Any CPU = Debug|Any CPU
		Debug|x64 = Debug|x64
		Debug|x86 = Debug|x86
		Release|Any CPU = Release|Any CPU
		Release|x64 = Release|x64
		Release|x86 = Release|x86
	EndGlobalSection
	GlobalSection(ProjectConfigurationPlatforms) = postSolution
		{ECCFB308-8AE8-46A6-8CFF-6E27284DCE70}.Debug|Any CPU.ActiveCfg = Debug|Any CPU
		{ECCFB308-8AE8-46A6-8CFF-6E27284DCE70}.Debug|Any CPU.Build.0 = Debug|Any CPU
		{ECCFB308-8AE8-46A6-8CFF-6E27284DCE70}.Debug|x64.ActiveCfg = Debug|Any CPU
		{ECCFB308-8AE8-46A6-8CFF-6E27284DCE70}.Debug|x64.Build.0 = Debug|Any CPU
		{ECCFB308-8AE8-46A6-8CFF-6E27284DCE70}.Debug|x86.ActiveCfg = Debug|Any CPU
		{ECCFB308-8AE8-46A6-8CFF-6E27284DCE70}.Debug|x86.Build.0 = Debug|Any CPU
		{ECCFB308-8AE8-46A6-8CFF-6E27284DCE70}.Release|Any CPU.ActiveCfg = Release|Any CPU
		{ECCFB308-8AE8-46A6-8CFF-6E27284DCE70}.Release|Any CPU.Build.0 = Release|Any CPU
		{ECCFB308-8AE8-46A6-8CFF-6E27284DCE70}.Release|x64.ActiveCfg = Release|Any CPU
		{ECCFB308-8AE8-46A6-8CFF-6E27284DCE70}.Release|x64.Build.0 = Release|Any CPU
		{ECCFB308-8AE8-46A6-8CFF-6E27284DCE70}.Release|x86.ActiveCfg = Release|Any CPU
		{ECCFB308-8AE8-46A6-8CFF-6E27284DCE70}.Release|x86.Build.0 = Release|Any CPU
		{725D9608-8E89-4DC5-8C3D-04FF09EDEBFE}.Debug|Any CPU.ActiveCfg = Debug|Any CPU
		{725D9608-8E89-4DC5-8C3D-04FF09EDEBFE}.Debug|Any CPU.Build.0 = Debug|Any CPU
		{725D9608-8E89-4DC5-8C3D-04FF09EDEBFE}.Debug|x64.ActiveCfg = Debug|Any CPU
		{725D9608-8E89-4DC5-8C3D-04FF09EDEBFE}.Debug|x64.Build.0 = Debug|Any CPU
		{725D9608-8E89-4DC5-8C3D-04FF09EDEBFE}.Debug|x86.ActiveCfg = Debug|Any CPU
		{725D9608-8E89-4DC5-8C3D-04FF09EDEBFE}.Debug|x86.Build.0 = Debug|Any CPU
		{725D9608-8E89-4DC5-8C3D-04FF09EDEBFE}.Release|Any CPU.ActiveCfg = Release|Any CPU
		{725D9608-8E89-4DC5-8C3D-04FF09EDEBFE}.Release|Any CPU.Build.0 = Release|Any CPU
		{725D9608-8E89-4DC5-8C3D-04FF09EDEBFE}.Release|x64.ActiveCfg = Release|Any CPU
		{725D9608-8E89-4DC5-8C3D-04FF09EDEBFE}.Release|x64.Build.0 = Release|Any CPU
		{725D9608-8E89-4DC5-8C3D-04FF09EDEBFE}.Release|x86.ActiveCfg = Release|Any CPU
		{725D9608-8E89-4DC5-8C3D-04FF09EDEBFE}.Release|x86.Build.0 = Release|Any CPU
		{BCA850E1-10F3-4A9E-9F59-06355C7A83BD}.Debug|Any CPU.ActiveCfg = Debug|Any CPU
		{BCA850E1-10F3-4A9E-9F59-06355C7A83BD}.Debug|Any CPU.Build.0 = Debug|Any CPU
		{BCA850E1-10F3-4A9E-9F59-06355C7A83BD}.Debug|x64.ActiveCfg = Debug|Any CPU
		{BCA850E1-10F3-4A9E-9F59-06355C7A83BD}.Debug|x64.Build.0 = Debug|Any CPU
		{BCA850E1-10F3-4A9E-9F59-06355C7A83BD}.Debug|x86.ActiveCfg = Debug|Any CPU
		{BCA850E1-10F3-4A9E-9F59-06355C7A83BD}.Debug|x86.Build.0 = Debug|Any CPU
		{BCA850E1-10F3-4A9E-9F59-06355C7A83BD}.Release|Any CPU.ActiveCfg = Release|Any CPU
		{BCA850E1-10F3-4A9E-9F59-06355C7A83BD}.Release|Any CPU.Build.0 = Release|Any CPU
		{BCA850E1-10F3-4A9E-9F59-06355C7A83BD}.Release|x64.ActiveCfg = Release|Any CPU
		{BCA850E1-10F3-4A9E-9F59-06355C7A83BD}.Release|x64.Build.0 = Release|Any CPU
		{BCA850E1-10F3-4A9E-9F59-06355C7A83BD}.Release|x86.ActiveCfg = Release|Any CPU
		{BCA850E1-10F3-4A9E-9F59-06355C7A83BD}.Release|x86.Build.0 = Release|Any CPU
	EndGlobalSection
	GlobalSection(SolutionProperties) = preSolution
		HideSolutionNode = FALSE
	EndGlobalSection
EndGlobal
